
Microsoft Visual Studio Solution File, Format Version 12.00
Project("{FAE04EC0-301F-11D3-BF4B-00C04F79EFBC}") = "Magpie", "src\Magpie\Magpie.csproj", "{9ECBEA99-8390-4C71-A6DD-D0E796AD722A}"
EndProject
Project("{FAE04EC0-301F-11D3-BF4B-00C04F79EFBC}") = "Magpie.Sample", "src\Magpie.Sample\Magpie.Sample.csproj", "{92369E13-8D2F-40A0-9FCD-0E6DAA077E29}"
EndProject
Global
	GlobalSection(SolutionConfigurationPlatforms) = preSolution
		Debug|Any CPU = Debug|Any CPU
		Release|Any CPU = Release|Any CPU
	EndGlobalSection
	GlobalSection(ProjectConfigurationPlatforms) = postSolution
		{9ECBEA99-8390-4C71-A6DD-D0E796AD722A}.Debug|Any CPU.ActiveCfg = Debug|Any CPU
		{9ECBEA99-8390-4C71-A6DD-D0E796AD722A}.Debug|Any CPU.Build.0 = Debug|Any CPU
		{9ECBEA99-8390-4C71-A6DD-D0E796AD722A}.Release|Any CPU.ActiveCfg = Release|Any CPU
		{9ECBEA99-8390-4C71-A6DD-D0E796AD722A}.Release|Any CPU.Build.0 = Release|Any CPU
		{92369E13-8D2F-40A0-9FCD-0E6DAA077E29}.Debug|Any CPU.ActiveCfg = Debug|Any CPU
		{92369E13-8D2F-40A0-9FCD-0E6DAA077E29}.Debug|Any CPU.Build.0 = Debug|Any CPU
		{92369E13-8D2F-40A0-9FCD-0E6DAA077E29}.Release|Any CPU.ActiveCfg = Release|Any CPU
		{92369E13-8D2F-40A0-9FCD-0E6DAA077E29}.Release|Any CPU.Build.0 = Release|Any CPU
	EndGlobalSection
EndGlobal
